
Microsoft Visual Studio Solution File, Format Version 12.00
# Visual Studio 15
VisualStudioVersion = 15.0.28010.2003
MinimumVisualStudioVersion = 10.0.40219.1
Project("{FAE04EC0-301F-11D3-BF4B-00C04F79EFBC}") = "PatternsInAction", "PatternsInAction\PatternsInAction.csproj", "{E1990E7A-235A-4B25-B787-1CE9FFEB1B85}"
EndProject
Project("{2150E333-8FDC-42A3-9474-1A3956D46DE8}") = "Comportamiento", "Comportamiento", "{DFC3B8F8-713D-4FF1-883D-61D46203DFBA}"
EndProject
Project("{FAE04EC0-301F-11D3-BF4B-00C04F79EFBC}") = "StatePattern", "Comportamiento\StatePattern\StatePattern.csproj", "{8621119B-0569-421E-8FD1-BEC8EB03C6A1}"
EndProject
Project("{FAE04EC0-301F-11D3-BF4B-00C04F79EFBC}") = "StrategyPattern", "Comportamiento\StrategyPattern\StrategyPattern.csproj", "{3186C061-9B0E-4876-9AAC-8F24202A53AF}"
EndProject
Project("{FAE04EC0-301F-11D3-BF4B-00C04F79EFBC}") = "VisitorPattern", "Comportamiento\VisitorPattern\VisitorPattern.csproj", "{C3265705-6AE3-45EF-BCF1-09E651DE66BA}"
EndProject
Project("{FAE04EC0-301F-11D3-BF4B-00C04F79EFBC}") = "TemplateMethodPattern", "Comportamiento\TemplateMethodPattern\TemplateMethodPattern.csproj", "{E842E736-8710-4701-8614-F07E50028403}"
EndProject
Project("{FAE04EC0-301F-11D3-BF4B-00C04F79EFBC}") = "ObserverPattern", "Comportamiento\ObserverPattern\ObserverPattern.csproj", "{5D80B839-DDB6-4120-8209-F4576C662314}"
EndProject
Project("{FAE04EC0-301F-11D3-BF4B-00C04F79EFBC}") = "MementoPattern", "Comportamiento\MementoPattern\MementoPattern.csproj", "{8F54699C-FD2E-4D58-BEAC-9A61CC345AEF}"
EndProject
Project("{FAE04EC0-301F-11D3-BF4B-00C04F79EFBC}") = "MediatorPattern", "Comportamiento\MediatorPattern\MediatorPattern.csproj", "{F2345C85-932E-46B1-AFDB-8B9B259964B1}"
EndProject
Project("{FAE04EC0-301F-11D3-BF4B-00C04F79EFBC}") = "IteratorPattern", "Comportamiento\IteratorPattern\IteratorPattern.csproj", "{136294FD-A7C5-4B0F-886A-50F0F27D2602}"
EndProject
Project("{FAE04EC0-301F-11D3-BF4B-00C04F79EFBC}") = "InterpreterPattern", "Comportamiento\InterpreterPattern\InterpreterPattern.csproj", "{0AA7F734-300E-4EF9-82C0-644D9E3AD4BE}"
EndProject
Project("{FAE04EC0-301F-11D3-BF4B-00C04F79EFBC}") = "CommandPattern", "Comportamiento\CommandPattern\CommandPattern.csproj", "{100C38DE-DEA6-43AD-B12D-0E7FC97F4A88}"
EndProject
Project("{FAE04EC0-301F-11D3-BF4B-00C04F79EFBC}") = "ChainOfResponsabilityPattern", "Comportamiento\ChainOfResponsabilityPattern\ChainOfResponsabilityPattern.csproj", "{FB3C62F6-BD55-4B2A-BE26-70AE4EBEB4B5}"
EndProject
Project("{2150E333-8FDC-42A3-9474-1A3956D46DE8}") = "Estructura", "Estructura", "{A507EA78-BE1D-43A8-807D-4BC9567428D3}"
EndProject
Project("{2150E333-8FDC-42A3-9474-1A3956D46DE8}") = "Construccion", "Construccion", "{57D04032-DB37-4983-B66C-C883C2C5778B}"
EndProject
Project("{FAE04EC0-301F-11D3-BF4B-00C04F79EFBC}") = "AdapterPattern", "Estructura\AdapterPattern\AdapterPattern.csproj", "{64B5B9C3-45D3-47BC-AFC4-12F0E9BC335C}"
EndProject
Project("{FAE04EC0-301F-11D3-BF4B-00C04F79EFBC}") = "BridgePattern", "Estructura\BridgePattern\BridgePattern.csproj", "{16E2825A-4C6A-483B-B093-40A968EC307A}"
EndProject
Project("{FAE04EC0-301F-11D3-BF4B-00C04F79EFBC}") = "CompositePattern", "Estructura\CompositePattern\CompositePattern.csproj", "{792F5C28-5924-47F7-8FB3-60189F21C1B7}"
EndProject
Project("{FAE04EC0-301F-11D3-BF4B-00C04F79EFBC}") = "DecoratorPattern", "Estructura\DecoratorPattern\DecoratorPattern.csproj", "{A3B01DD7-BFE3-4089-84C1-764E5E53E461}"
EndProject
Project("{FAE04EC0-301F-11D3-BF4B-00C04F79EFBC}") = "FacadePattern", "Estructura\FacadePattern\FacadePattern.csproj", "{58ECBFB2-A1A8-4309-9F32-FC666F9A1EE5}"
EndProject
Project("{FAE04EC0-301F-11D3-BF4B-00C04F79EFBC}") = "FlyweightPattern", "Estructura\FlyweightPattern\FlyweightPattern.csproj", "{C99B66F8-4190-483E-B0BA-3D6DA1BDE3C7}"
EndProject
Project("{FAE04EC0-301F-11D3-BF4B-00C04F79EFBC}") = "ProxyPattern", "Estructura\ProxyPattern\ProxyPattern.csproj", "{EC6684F0-17B6-4FD1-B9B0-980BDEF09846}"
EndProject
Project("{FAE04EC0-301F-11D3-BF4B-00C04F79EFBC}") = "AbstractFactoryPattern", "Construccion\AbstractFactoryPattern\AbstractFactoryPattern.csproj", "{E180F60A-A5B3-48A4-B6A1-38C3C829B415}"
EndProject
Project("{FAE04EC0-301F-11D3-BF4B-00C04F79EFBC}") = "BuilderPattern", "Construccion\BuilderPattern\BuilderPattern.csproj", "{04DBDCB5-1D9C-4588-859F-49EF9006643F}"
EndProject
Project("{FAE04EC0-301F-11D3-BF4B-00C04F79EFBC}") = "FactoryMethodPattern", "Construccion\FactoryMethodPattern\FactoryMethodPattern.csproj", "{FE143821-CCC7-49E2-A1D6-B9AE9EEDD76D}"
EndProject
Project("{FAE04EC0-301F-11D3-BF4B-00C04F79EFBC}") = "PrototypePattern", "Construccion\PrototypePattern\PrototypePattern.csproj", "{FB49FFB0-F3E4-430C-9CA3-D96D4E3A01E4}"
EndProject
Project("{FAE04EC0-301F-11D3-BF4B-00C04F79EFBC}") = "SingletonPattern", "Construccion\SingletonPattern\SingletonPattern.csproj", "{004DA3F5-DAFD-409F-B986-00214AA597BC}"
EndProject
Global
	GlobalSection(SolutionConfigurationPlatforms) = preSolution
		Debug|Any CPU = Debug|Any CPU
		Release|Any CPU = Release|Any CPU
	EndGlobalSection
	GlobalSection(ProjectConfigurationPlatforms) = postSolution
		{E1990E7A-235A-4B25-B787-1CE9FFEB1B85}.Debug|Any CPU.ActiveCfg = Debug|Any CPU
		{E1990E7A-235A-4B25-B787-1CE9FFEB1B85}.Debug|Any CPU.Build.0 = Debug|Any CPU
		{E1990E7A-235A-4B25-B787-1CE9FFEB1B85}.Release|Any CPU.ActiveCfg = Release|Any CPU
		{E1990E7A-235A-4B25-B787-1CE9FFEB1B85}.Release|Any CPU.Build.0 = Release|Any CPU
		{8621119B-0569-421E-8FD1-BEC8EB03C6A1}.Debug|Any CPU.ActiveCfg = Debug|Any CPU
		{8621119B-0569-421E-8FD1-BEC8EB03C6A1}.Debug|Any CPU.Build.0 = Debug|Any CPU
		{8621119B-0569-421E-8FD1-BEC8EB03C6A1}.Release|Any CPU.ActiveCfg = Release|Any CPU
		{8621119B-0569-421E-8FD1-BEC8EB03C6A1}.Release|Any CPU.Build.0 = Release|Any CPU
		{3186C061-9B0E-4876-9AAC-8F24202A53AF}.Debug|Any CPU.ActiveCfg = Debug|Any CPU
		{3186C061-9B0E-4876-9AAC-8F24202A53AF}.Debug|Any CPU.Build.0 = Debug|Any CPU
		{3186C061-9B0E-4876-9AAC-8F24202A53AF}.Release|Any CPU.ActiveCfg = Release|Any CPU
		{3186C061-9B0E-4876-9AAC-8F24202A53AF}.Release|Any CPU.Build.0 = Release|Any CPU
		{C3265705-6AE3-45EF-BCF1-09E651DE66BA}.Debug|Any CPU.ActiveCfg = Debug|Any CPU
		{C3265705-6AE3-45EF-BCF1-09E651DE66BA}.Debug|Any CPU.Build.0 = Debug|Any CPU
		{C3265705-6AE3-45EF-BCF1-09E651DE66BA}.Release|Any CPU.ActiveCfg = Release|Any CPU
		{C3265705-6AE3-45EF-BCF1-09E651DE66BA}.Release|Any CPU.Build.0 = Release|Any CPU
		{E842E736-8710-4701-8614-F07E50028403}.Debug|Any CPU.ActiveCfg = Debug|Any CPU
		{E842E736-8710-4701-8614-F07E50028403}.Debug|Any CPU.Build.0 = Debug|Any CPU
		{E842E736-8710-4701-8614-F07E50028403}.Release|Any CPU.ActiveCfg = Release|Any CPU
		{E842E736-8710-4701-8614-F07E50028403}.Release|Any CPU.Build.0 = Release|Any CPU
		{5D80B839-DDB6-4120-8209-F4576C662314}.Debug|Any CPU.ActiveCfg = Debug|Any CPU
		{5D80B839-DDB6-4120-8209-F4576C662314}.Debug|Any CPU.Build.0 = Debug|Any CPU
		{5D80B839-DDB6-4120-8209-F4576C662314}.Release|Any CPU.ActiveCfg = Release|Any CPU
		{5D80B839-DDB6-4120-8209-F4576C662314}.Release|Any CPU.Build.0 = Release|Any CPU
		{8F54699C-FD2E-4D58-BEAC-9A61CC345AEF}.Debug|Any CPU.ActiveCfg = Debug|Any CPU
		{8F54699C-FD2E-4D58-BEAC-9A61CC345AEF}.Debug|Any CPU.Build.0 = Debug|Any CPU
		{8F54699C-FD2E-4D58-BEAC-9A61CC345AEF}.Release|Any CPU.ActiveCfg = Release|Any CPU
		{8F54699C-FD2E-4D58-BEAC-9A61CC345AEF}.Release|Any CPU.Build.0 = Release|Any CPU
		{F2345C85-932E-46B1-AFDB-8B9B259964B1}.Debug|Any CPU.ActiveCfg = Debug|Any CPU
		{F2345C85-932E-46B1-AFDB-8B9B259964B1}.Debug|Any CPU.Build.0 = Debug|Any CPU
		{F2345C85-932E-46B1-AFDB-8B9B259964B1}.Release|Any CPU.ActiveCfg = Release|Any CPU
		{F2345C85-932E-46B1-AFDB-8B9B259964B1}.Release|Any CPU.Build.0 = Release|Any CPU
		{136294FD-A7C5-4B0F-886A-50F0F27D2602}.Debug|Any CPU.ActiveCfg = Debug|Any CPU
		{136294FD-A7C5-4B0F-886A-50F0F27D2602}.Debug|Any CPU.Build.0 = Debug|Any CPU
		{136294FD-A7C5-4B0F-886A-50F0F27D2602}.Release|Any CPU.ActiveCfg = Release|Any CPU
		{136294FD-A7C5-4B0F-886A-50F0F27D2602}.Release|Any CPU.Build.0 = Release|Any CPU
		{0AA7F734-300E-4EF9-82C0-644D9E3AD4BE}.Debug|Any CPU.ActiveCfg = Debug|Any CPU
		{0AA7F734-300E-4EF9-82C0-644D9E3AD4BE}.Debug|Any CPU.Build.0 = Debug|Any CPU
		{0AA7F734-300E-4EF9-82C0-644D9E3AD4BE}.Release|Any CPU.ActiveCfg = Release|Any CPU
		{0AA7F734-300E-4EF9-82C0-644D9E3AD4BE}.Release|Any CPU.Build.0 = Release|Any CPU
		{100C38DE-DEA6-43AD-B12D-0E7FC97F4A88}.Debug|Any CPU.ActiveCfg = Debug|Any CPU
		{100C38DE-DEA6-43AD-B12D-0E7FC97F4A88}.Debug|Any CPU.Build.0 = Debug|Any CPU
		{100C38DE-DEA6-43AD-B12D-0E7FC97F4A88}.Release|Any CPU.ActiveCfg = Release|Any CPU
		{100C38DE-DEA6-43AD-B12D-0E7FC97F4A88}.Release|Any CPU.Build.0 = Release|Any CPU
		{FB3C62F6-BD55-4B2A-BE26-70AE4EBEB4B5}.Debug|Any CPU.ActiveCfg = Debug|Any CPU
		{FB3C62F6-BD55-4B2A-BE26-70AE4EBEB4B5}.Debug|Any CPU.Build.0 = Debug|Any CPU
		{FB3C62F6-BD55-4B2A-BE26-70AE4EBEB4B5}.Release|Any CPU.ActiveCfg = Release|Any CPU
		{FB3C62F6-BD55-4B2A-BE26-70AE4EBEB4B5}.Release|Any CPU.Build.0 = Release|Any CPU
		{64B5B9C3-45D3-47BC-AFC4-12F0E9BC335C}.Debug|Any CPU.ActiveCfg = Debug|Any CPU
		{64B5B9C3-45D3-47BC-AFC4-12F0E9BC335C}.Debug|Any CPU.Build.0 = Debug|Any CPU
		{64B5B9C3-45D3-47BC-AFC4-12F0E9BC335C}.Release|Any CPU.ActiveCfg = Release|Any CPU
		{64B5B9C3-45D3-47BC-AFC4-12F0E9BC335C}.Release|Any CPU.Build.0 = Release|Any CPU
		{16E2825A-4C6A-483B-B093-40A968EC307A}.Debug|Any CPU.ActiveCfg = Debug|Any CPU
		{16E2825A-4C6A-483B-B093-40A968EC307A}.Debug|Any CPU.Build.0 = Debug|Any CPU
		{16E2825A-4C6A-483B-B093-40A968EC307A}.Release|Any CPU.ActiveCfg = Release|Any CPU
		{16E2825A-4C6A-483B-B093-40A968EC307A}.Release|Any CPU.Build.0 = Release|Any CPU
		{792F5C28-5924-47F7-8FB3-60189F21C1B7}.Debug|Any CPU.ActiveCfg = Debug|Any CPU
		{792F5C28-5924-47F7-8FB3-60189F21C1B7}.Debug|Any CPU.Build.0 = Debug|Any CPU
		{792F5C28-5924-47F7-8FB3-60189F21C1B7}.Release|Any CPU.ActiveCfg = Release|Any CPU
		{792F5C28-5924-47F7-8FB3-60189F21C1B7}.Release|Any CPU.Build.0 = Release|Any CPU
		{A3B01DD7-BFE3-4089-84C1-764E5E53E461}.Debug|Any CPU.ActiveCfg = Debug|Any CPU
		{A3B01DD7-BFE3-4089-84C1-764E5E53E461}.Debug|Any CPU.Build.0 = Debug|Any CPU
		{A3B01DD7-BFE3-4089-84C1-764E5E53E461}.Release|Any CPU.ActiveCfg = Release|Any CPU
		{A3B01DD7-BFE3-4089-84C1-764E5E53E461}.Release|Any CPU.Build.0 = Release|Any CPU
		{58ECBFB2-A1A8-4309-9F32-FC666F9A1EE5}.Debug|Any CPU.ActiveCfg = Debug|Any CPU
		{58ECBFB2-A1A8-4309-9F32-FC666F9A1EE5}.Debug|Any CPU.Build.0 = Debug|Any CPU
		{58ECBFB2-A1A8-4309-9F32-FC666F9A1EE5}.Release|Any CPU.ActiveCfg = Release|Any CPU
		{58ECBFB2-A1A8-4309-9F32-FC666F9A1EE5}.Release|Any CPU.Build.0 = Release|Any CPU
		{C99B66F8-4190-483E-B0BA-3D6DA1BDE3C7}.Debug|Any CPU.ActiveCfg = Debug|Any CPU
		{C99B66F8-4190-483E-B0BA-3D6DA1BDE3C7}.Debug|Any CPU.Build.0 = Debug|Any CPU
		{C99B66F8-4190-483E-B0BA-3D6DA1BDE3C7}.Release|Any CPU.ActiveCfg = Release|Any CPU
		{C99B66F8-4190-483E-B0BA-3D6DA1BDE3C7}.Release|Any CPU.Build.0 = Release|Any CPU
		{EC6684F0-17B6-4FD1-B9B0-980BDEF09846}.Debug|Any CPU.ActiveCfg = Debug|Any CPU
		{EC6684F0-17B6-4FD1-B9B0-980BDEF09846}.Debug|Any CPU.Build.0 = Debug|Any CPU
		{EC6684F0-17B6-4FD1-B9B0-980BDEF09846}.Release|Any CPU.ActiveCfg = Release|Any CPU
		{EC6684F0-17B6-4FD1-B9B0-980BDEF09846}.Release|Any CPU.Build.0 = Release|Any CPU
		{E180F60A-A5B3-48A4-B6A1-38C3C829B415}.Debug|Any CPU.ActiveCfg = Debug|Any CPU
		{E180F60A-A5B3-48A4-B6A1-38C3C829B415}.Debug|Any CPU.Build.0 = Debug|Any CPU
		{E180F60A-A5B3-48A4-B6A1-38C3C829B415}.Release|Any CPU.ActiveCfg = Release|Any CPU
		{E180F60A-A5B3-48A4-B6A1-38C3C829B415}.Release|Any CPU.Build.0 = Release|Any CPU
		{04DBDCB5-1D9C-4588-859F-49EF9006643F}.Debug|Any CPU.ActiveCfg = Debug|Any CPU
		{04DBDCB5-1D9C-4588-859F-49EF9006643F}.Debug|Any CPU.Build.0 = Debug|Any CPU
		{04DBDCB5-1D9C-4588-859F-49EF9006643F}.Release|Any CPU.ActiveCfg = Release|Any CPU
		{04DBDCB5-1D9C-4588-859F-49EF9006643F}.Release|Any CPU.Build.0 = Release|Any CPU
		{FE143821-CCC7-49E2-A1D6-B9AE9EEDD76D}.Debug|Any CPU.ActiveCfg = Debug|Any CPU
		{FE143821-CCC7-49E2-A1D6-B9AE9EEDD76D}.Debug|Any CPU.Build.0 = Debug|Any CPU
		{FE143821-CCC7-49E2-A1D6-B9AE9EEDD76D}.Release|Any CPU.ActiveCfg = Release|Any CPU
		{FE143821-CCC7-49E2-A1D6-B9AE9EEDD76D}.Release|Any CPU.Build.0 = Release|Any CPU
		{FB49FFB0-F3E4-430C-9CA3-D96D4E3A01E4}.Debug|Any CPU.ActiveCfg = Debug|Any CPU
		{FB49FFB0-F3E4-430C-9CA3-D96D4E3A01E4}.Debug|Any CPU.Build.0 = Debug|Any CPU
		{FB49FFB0-F3E4-430C-9CA3-D96D4E3A01E4}.Release|Any CPU.ActiveCfg = Release|Any CPU
		{FB49FFB0-F3E4-430C-9CA3-D96D4E3A01E4}.Release|Any CPU.Build.0 = Release|Any CPU
		{004DA3F5-DAFD-409F-B986-00214AA597BC}.Debug|Any CPU.ActiveCfg = Debug|Any CPU
		{004DA3F5-DAFD-409F-B986-00214AA597BC}.Debug|Any CPU.Build.0 = Debug|Any CPU
		{004DA3F5-DAFD-409F-B986-00214AA597BC}.Release|Any CPU.ActiveCfg = Release|Any CPU
		{004DA3F5-DAFD-409F-B986-00214AA597BC}.Release|Any CPU.Build.0 = Release|Any CPU
	EndGlobalSection
	GlobalSection(SolutionProperties) = preSolution
		HideSolutionNode = FALSE
	EndGlobalSection
	GlobalSection(NestedProjects) = preSolution
		{8621119B-0569-421E-8FD1-BEC8EB03C6A1} = {DFC3B8F8-713D-4FF1-883D-61D46203DFBA}
		{3186C061-9B0E-4876-9AAC-8F24202A53AF} = {DFC3B8F8-713D-4FF1-883D-61D46203DFBA}
		{C3265705-6AE3-45EF-BCF1-09E651DE66BA} = {DFC3B8F8-713D-4FF1-883D-61D46203DFBA}
		{E842E736-8710-4701-8614-F07E50028403} = {DFC3B8F8-713D-4FF1-883D-61D46203DFBA}
		{5D80B839-DDB6-4120-8209-F4576C662314} = {DFC3B8F8-713D-4FF1-883D-61D46203DFBA}
		{8F54699C-FD2E-4D58-BEAC-9A61CC345AEF} = {DFC3B8F8-713D-4FF1-883D-61D46203DFBA}
		{F2345C85-932E-46B1-AFDB-8B9B259964B1} = {DFC3B8F8-713D-4FF1-883D-61D46203DFBA}
		{136294FD-A7C5-4B0F-886A-50F0F27D2602} = {DFC3B8F8-713D-4FF1-883D-61D46203DFBA}
		{0AA7F734-300E-4EF9-82C0-644D9E3AD4BE} = {DFC3B8F8-713D-4FF1-883D-61D46203DFBA}
		{100C38DE-DEA6-43AD-B12D-0E7FC97F4A88} = {DFC3B8F8-713D-4FF1-883D-61D46203DFBA}
		{FB3C62F6-BD55-4B2A-BE26-70AE4EBEB4B5} = {DFC3B8F8-713D-4FF1-883D-61D46203DFBA}
		{64B5B9C3-45D3-47BC-AFC4-12F0E9BC335C} = {A507EA78-BE1D-43A8-807D-4BC9567428D3}
		{16E2825A-4C6A-483B-B093-40A968EC307A} = {A507EA78-BE1D-43A8-807D-4BC9567428D3}
		{792F5C28-5924-47F7-8FB3-60189F21C1B7} = {A507EA78-BE1D-43A8-807D-4BC9567428D3}
		{A3B01DD7-BFE3-4089-84C1-764E5E53E461} = {A507EA78-BE1D-43A8-807D-4BC9567428D3}
		{58ECBFB2-A1A8-4309-9F32-FC666F9A1EE5} = {A507EA78-BE1D-43A8-807D-4BC9567428D3}
		{C99B66F8-4190-483E-B0BA-3D6DA1BDE3C7} = {A507EA78-BE1D-43A8-807D-4BC9567428D3}
		{EC6684F0-17B6-4FD1-B9B0-980BDEF09846} = {A507EA78-BE1D-43A8-807D-4BC9567428D3}
		{E180F60A-A5B3-48A4-B6A1-38C3C829B415} = {57D04032-DB37-4983-B66C-C883C2C5778B}
		{04DBDCB5-1D9C-4588-859F-49EF9006643F} = {57D04032-DB37-4983-B66C-C883C2C5778B}
		{FE143821-CCC7-49E2-A1D6-B9AE9EEDD76D} = {57D04032-DB37-4983-B66C-C883C2C5778B}
		{FB49FFB0-F3E4-430C-9CA3-D96D4E3A01E4} = {57D04032-DB37-4983-B66C-C883C2C5778B}
		{004DA3F5-DAFD-409F-B986-00214AA597BC} = {57D04032-DB37-4983-B66C-C883C2C5778B}
	EndGlobalSection
	GlobalSection(ExtensibilityGlobals) = postSolution
		SolutionGuid = {47200644-FEC7-4F36-B154-D25DFB3013DE}
	EndGlobalSection
EndGlobal
